
Microsoft Visual Studio Solution File, Format Version 12.00
# Visual Studio 2015
Project("{FAE04EC0-301F-11D3-BF4B-00C04F79EFBC}") = "AI Maze.CSharp.Plugins", "AI Maze.CSharp.Plugins.csproj", "{4CC20790-2D69-FDC1-1212-ADB1B4A84DFE}"
EndProject
Project("{FAE04EC0-301F-11D3-BF4B-00C04F79EFBC}") = "AI Maze.CSharp", "AI Maze.CSharp.csproj", "{1BCBFACB-BE8E-8A7B-55E9-EA02ACB0892E}"
EndProject
Project("{FAE04EC0-301F-11D3-BF4B-00C04F79EFBC}") = "AI Maze.CSharp.Editor", "AI Maze.CSharp.Editor.csproj", "{69C38C95-4309-2502-5D05-3B22AEF22AE4}"
EndProject
Global
	GlobalSection(SolutionConfigurationPlatforms) = preSolution
		Debug|Any CPU = Debug|Any CPU
		Release|Any CPU = Release|Any CPU
	EndGlobalSection
	GlobalSection(ProjectConfigurationPlatforms) = postSolution
		{4CC20790-2D69-FDC1-1212-ADB1B4A84DFE}.Debug|Any CPU.ActiveCfg = Debug|Any CPU
		{4CC20790-2D69-FDC1-1212-ADB1B4A84DFE}.Debug|Any CPU.Build.0 = Debug|Any CPU
		{4CC20790-2D69-FDC1-1212-ADB1B4A84DFE}.Release|Any CPU.ActiveCfg = Release|Any CPU
		{4CC20790-2D69-FDC1-1212-ADB1B4A84DFE}.Release|Any CPU.Build.0 = Release|Any CPU
		{1BCBFACB-BE8E-8A7B-55E9-EA02ACB0892E}.Debug|Any CPU.ActiveCfg = Debug|Any CPU
		{1BCBFACB-BE8E-8A7B-55E9-EA02ACB0892E}.Debug|Any CPU.Build.0 = Debug|Any CPU
		{1BCBFACB-BE8E-8A7B-55E9-EA02ACB0892E}.Release|Any CPU.ActiveCfg = Release|Any CPU
		{1BCBFACB-BE8E-8A7B-55E9-EA02ACB0892E}.Release|Any CPU.Build.0 = Release|Any CPU
		{69C38C95-4309-2502-5D05-3B22AEF22AE4}.Debug|Any CPU.ActiveCfg = Debug|Any CPU
		{69C38C95-4309-2502-5D05-3B22AEF22AE4}.Debug|Any CPU.Build.0 = Debug|Any CPU
		{69C38C95-4309-2502-5D05-3B22AEF22AE4}.Release|Any CPU.ActiveCfg = Release|Any CPU
		{69C38C95-4309-2502-5D05-3B22AEF22AE4}.Release|Any CPU.Build.0 = Release|Any CPU
	EndGlobalSection
	GlobalSection(SolutionProperties) = preSolution
		HideSolutionNode = FALSE
	EndGlobalSection
EndGlobal
